// !$*UTF8*$!
{
	archiveVersion = 1;
	classes = {
	};
	objectVersion = 46;
	objects = {

/* Begin PBXBuildFile section */
		A02856FC1CDE8C7500D8C706 /* MovieDetailsVC.swift in Sources */ = {isa = PBXBuildFile; fileRef = A02856FB1CDE8C7500D8C706 /* MovieDetailsVC.swift */; };
		A0721BC11CE7B66900D9BBCE /* MovieLinkVC.swift in Sources */ = {isa = PBXBuildFile; fileRef = A0721BC01CE7B66900D9BBCE /* MovieLinkVC.swift */; };
		A0726A521CD910F300FEE6E2 /* MovieCell.swift in Sources */ = {isa = PBXBuildFile; fileRef = A0726A511CD910F300FEE6E2 /* MovieCell.swift */; };
		A09326301CDA5E000049EE34 /* CreateMovieVC.swift in Sources */ = {isa = PBXBuildFile; fileRef = A093262F1CDA5E000049EE34 /* CreateMovieVC.swift */; };
		A0E06A871CCBF84E0057E5B9 /* AppDelegate.swift in Sources */ = {isa = PBXBuildFile; fileRef = A0E06A861CCBF84E0057E5B9 /* AppDelegate.swift */; };
		A0E06A891CCBF84E0057E5B9 /* ViewController.swift in Sources */ = {isa = PBXBuildFile; fileRef = A0E06A881CCBF84E0057E5B9 /* ViewController.swift */; };
		A0E06A8C1CCBF84E0057E5B9 /* Main.storyboard in Resources */ = {isa = PBXBuildFile; fileRef = A0E06A8A1CCBF84E0057E5B9 /* Main.storyboard */; };
		A0E06A8F1CCBF84E0057E5B9 /* FavouriteMovie.xcdatamodeld in Sources */ = {isa = PBXBuildFile; fileRef = A0E06A8D1CCBF84E0057E5B9 /* FavouriteMovie.xcdatamodeld */; };
		A0E06A911CCBF84E0057E5B9 /* Assets.xcassets in Resources */ = {isa = PBXBuildFile; fileRef = A0E06A901CCBF84E0057E5B9 /* Assets.xcassets */; };
		A0E06A941CCBF84E0057E5B9 /* LaunchScreen.storyboard in Resources */ = {isa = PBXBuildFile; fileRef = A0E06A921CCBF84E0057E5B9 /* LaunchScreen.storyboard */; };
		A0FB61C91CD1478200AFBA24 /* Movie+CoreDataProperties.swift in Sources */ = {isa = PBXBuildFile; fileRef = A0FB61C71CD1478200AFBA24 /* Movie+CoreDataProperties.swift */; };
		A0FB61CA1CD1478200AFBA24 /* Movie.swift in Sources */ = {isa = PBXBuildFile; fileRef = A0FB61C81CD1478200AFBA24 /* Movie.swift */; };
/* End PBXBuildFile section */

/* Begin PBXFileReference section */
		A02856FB1CDE8C7500D8C706 /* MovieDetailsVC.swift */ = {isa = PBXFileReference; fileEncoding = 4; lastKnownFileType = sourcecode.swift; path = MovieDetailsVC.swift; sourceTree = "<group>"; };
		A0721BC01CE7B66900D9BBCE /* MovieLinkVC.swift */ = {isa = PBXFileReference; fileEncoding = 4; lastKnownFileType = sourcecode.swift; path = MovieLinkVC.swift; sourceTree = "<group>"; };
		A0726A511CD910F300FEE6E2 /* MovieCell.swift */ = {isa = PBXFileReference; fileEncoding = 4; lastKnownFileType = sourcecode.swift; path = MovieCell.swift; sourceTree = "<group>"; };
		A093262F1CDA5E000049EE34 /* CreateMovieVC.swift */ = {isa = PBXFileReference; fileEncoding = 4; lastKnownFileType = sourcecode.swift; path = CreateMovieVC.swift; sourceTree = "<group>"; };
		A0E06A831CCBF84E0057E5B9 /* FavouriteMovie.app */ = {isa = PBXFileReference; explicitFileType = wrapper.application; includeInIndex = 0; path = FavouriteMovie.app; sourceTree = BUILT_PRODUCTS_DIR; };
		A0E06A861CCBF84E0057E5B9 /* AppDelegate.swift */ = {isa = PBXFileReference; lastKnownFileType = sourcecode.swift; path = AppDelegate.swift; sourceTree = "<group>"; };
		A0E06A881CCBF84E0057E5B9 /* ViewController.swift */ = {isa = PBXFileReference; lastKnownFileType = sourcecode.swift; path = ViewController.swift; sourceTree = "<group>"; };
		A0E06A8B1CCBF84E0057E5B9 /* Base */ = {isa = PBXFileReference; lastKnownFileType = file.storyboard; name = Base; path = Base.lproj/Main.storyboard; sourceTree = "<group>"; };
		A0E06A8E1CCBF84E0057E5B9 /* FavouriteMovie.xcdatamodel */ = {isa = PBXFileReference; lastKnownFileType = wrapper.xcdatamodel; path = FavouriteMovie.xcdatamodel; sourceTree = "<group>"; };
		A0E06A901CCBF84E0057E5B9 /* Assets.xcassets */ = {isa = PBXFileReference; lastKnownFileType = folder.assetcatalog; path = Assets.xcassets; sourceTree = "<group>"; };
		A0E06A931CCBF84E0057E5B9 /* Base */ = {isa = PBXFileReference; lastKnownFileType = file.storyboard; name = Base; path = Base.lproj/LaunchScreen.storyboard; sourceTree = "<group>"; };
		A0E06A951CCBF84E0057E5B9 /* Info.plist */ = {isa = PBXFileReference; lastKnownFileType = text.plist.xml; path = Info.plist; sourceTree = "<group>"; };
		A0FB61C71CD1478200AFBA24 /* Movie+CoreDataProperties.swift */ = {isa = PBXFileReference; fileEncoding = 4; lastKnownFileType = sourcecode.swift; path = "Movie+CoreDataProperties.swift"; sourceTree = "<group>"; };
		A0FB61C81CD1478200AFBA24 /* Movie.swift */ = {isa = PBXFileReference; fileEncoding = 4; lastKnownFileType = sourcecode.swift; path = Movie.swift; sourceTree = "<group>"; };
/* End PBXFileReference section */

/* Begin PBXFrameworksBuildPhase section */
		A0E06A801CCBF84E0057E5B9 /* Frameworks */ = {
			isa = PBXFrameworksBuildPhase;
			buildActionMask = 2147483647;
			files = (
			);
			runOnlyForDeploymentPostprocessing = 0;
		};
/* End PBXFrameworksBuildPhase section */

/* Begin PBXGroup section */
		A0E06A7A1CCBF84E0057E5B9 = {
			isa = PBXGroup;
			children = (
				A0E06A851CCBF84E0057E5B9 /* FavouriteMovie */,
				A0E06A841CCBF84E0057E5B9 /* Products */,
			);
			sourceTree = "<group>";
		};
		A0E06A841CCBF84E0057E5B9 /* Products */ = {
			isa = PBXGroup;
			children = (
				A0E06A831CCBF84E0057E5B9 /* FavouriteMovie.app */,
			);
			name = Products;
			sourceTree = "<group>";
		};
		A0E06A851CCBF84E0057E5B9 /* FavouriteMovie */ = {
			isa = PBXGroup;
			children = (
				A0E06A9D1CCBF8EB0057E5B9 /* Controller */,
				A0E06A9C1CCBF8D80057E5B9 /* View */,
				A0E06A9B1CCBF8D00057E5B9 /* Model */,
				A0E06A861CCBF84E0057E5B9 /* AppDelegate.swift */,
				A0E06A901CCBF84E0057E5B9 /* Assets.xcassets */,
				A0E06A921CCBF84E0057E5B9 /* LaunchScreen.storyboard */,
				A0E06A951CCBF84E0057E5B9 /* Info.plist */,
				A0E06A8D1CCBF84E0057E5B9 /* FavouriteMovie.xcdatamodeld */,
			);
			path = FavouriteMovie;
			sourceTree = "<group>";
		};
		A0E06A9B1CCBF8D00057E5B9 /* Model */ = {
			isa = PBXGroup;
			children = (
				A0FB61C71CD1478200AFBA24 /* Movie+CoreDataProperties.swift */,
				A0FB61C81CD1478200AFBA24 /* Movie.swift */,
			);
			name = Model;
			sourceTree = "<group>";
		};
		A0E06A9C1CCBF8D80057E5B9 /* View */ = {
			isa = PBXGroup;
			children = (
				A0E06A8A1CCBF84E0057E5B9 /* Main.storyboard */,
				A0726A511CD910F300FEE6E2 /* MovieCell.swift */,
			);
			name = View;
			sourceTree = "<group>";
		};
		A0E06A9D1CCBF8EB0057E5B9 /* Controller */ = {
			isa = PBXGroup;
			children = (
				A0E06A881CCBF84E0057E5B9 /* ViewController.swift */,
				A093262F1CDA5E000049EE34 /* CreateMovieVC.swift */,
				A02856FB1CDE8C7500D8C706 /* MovieDetailsVC.swift */,
				A0721BC01CE7B66900D9BBCE /* MovieLinkVC.swift */,
			);
			name = Controller;
			sourceTree = "<group>";
		};
/* End PBXGroup section */

/* Begin PBXNativeTarget section */
		A0E06A821CCBF84E0057E5B9 /* FavouriteMovie */ = {
			isa = PBXNativeTarget;
			buildConfigurationList = A0E06A981CCBF84E0057E5B9 /* Build configuration list for PBXNativeTarget "FavouriteMovie" */;
			buildPhases = (
				A0E06A7F1CCBF84E0057E5B9 /* Sources */,
				A0E06A801CCBF84E0057E5B9 /* Frameworks */,
				A0E06A811CCBF84E0057E5B9 /* Resources */,
			);
			buildRules = (
			);
			dependencies = (
			);
			name = FavouriteMovie;
			productName = FavouriteMovie;
			productReference = A0E06A831CCBF84E0057E5B9 /* FavouriteMovie.app */;
			productType = "com.apple.product-type.application";
		};
/* End PBXNativeTarget section */

/* Begin PBXProject section */
		A0E06A7B1CCBF84E0057E5B9 /* Project object */ = {
			isa = PBXProject;
			attributes = {
				LastSwiftUpdateCheck = 0730;
				LastUpgradeCheck = 0730;
				ORGANIZATIONNAME = "Abhishek H P";
				TargetAttributes = {
					A0E06A821CCBF84E0057E5B9 = {
						CreatedOnToolsVersion = 7.3;
						DevelopmentTeam = XZLS43B666;
					};
				};
			};
			buildConfigurationList = A0E06A7E1CCBF84E0057E5B9 /* Build configuration list for PBXProject "FavouriteMovie" */;
			compatibilityVersion = "Xcode 3.2";
			developmentRegion = English;
			hasScannedForEncodings = 0;
			knownRegions = (
				en,
				Base,
			);
			mainGroup = A0E06A7A1CCBF84E0057E5B9;
			productRefGroup = A0E06A841CCBF84E0057E5B9 /* Products */;
			projectDirPath = "";
			projectRoot = "";
			targets = (
				A0E06A821CCBF84E0057E5B9 /* FavouriteMovie */,
			);
		};
/* End PBXProject section */

/* Begin PBXResourcesBuildPhase section */
		A0E06A811CCBF84E0057E5B9 /* Resources */ = {
			isa = PBXResourcesBuildPhase;
			buildActionMask = 2147483647;
			files = (
				A0E06A941CCBF84E0057E5B9 /* LaunchScreen.storyboard in Resources */,
				A0E06A911CCBF84E0057E5B9 /* Assets.xcassets in Resources */,
				A0E06A8C1CCBF84E0057E5B9 /* Main.storyboard in Resources */,
			);
			runOnlyForDeploymentPostprocessing = 0;
		};
/* End PBXResourcesBuildPhase section */

/* Begin PBXSourcesBuildPhase section */
		A0E06A7F1CCBF84E0057E5B9 /* Sources */ = {
			isa = PBXSourcesBuildPhase;
			buildActionMask = 2147483647;
			files = (
				A0FB61C91CD1478200AFBA24 /* Movie+CoreDataProperties.swift in Sources */,
				A0E06A891CCBF84E0057E5B9 /* ViewController.swift in Sources */,
				A0726A521CD910F300FEE6E2 /* MovieCell.swift in Sources */,
				A09326301CDA5E000049EE34 /* CreateMovieVC.swift in Sources */,
				A0E06A8F1CCBF84E0057E5B9 /* FavouriteMovie.xcdatamodeld in Sources */,
				A0E06A871CCBF84E0057E5B9 /* AppDelegate.swift in Sources */,
				A02856FC1CDE8C7500D8C706 /* MovieDetailsVC.swift in Sources */,
				A0721BC11CE7B66900D9BBCE /* MovieLinkVC.swift in Sources */,
				A0FB61CA1CD1478200AFBA24 /* Movie.swift in Sources */,
			);
			runOnlyForDeploymentPostprocessing = 0;
		};
/* End PBXSourcesBuildPhase section */

/* Begin PBXVariantGroup section */
		A0E06A8A1CCBF84E0057E5B9 /* Main.storyboard */ = {
			isa = PBXVariantGroup;
			children = (
				A0E06A8B1CCBF84E0057E5B9 /* Base */,
			);
			name = Main.storyboard;
			sourceTree = "<group>";
		};
		A0E06A921CCBF84E0057E5B9 /* LaunchScreen.storyboard */ = {
			isa = PBXVariantGroup;
			children = (
				A0E06A931CCBF84E0057E5B9 /* Base */,
			);
			name = LaunchScreen.storyboard;
			sourceTree = "<group>";
		};
/* End PBXVariantGroup section */

/* Begin XCBuildConfiguration section */
		A0E06A961CCBF84E0057E5B9 /* Debug */ = {
			isa = XCBuildConfiguration;
			buildSettings = {
				ALWAYS_SEARCH_USER_PATHS = NO;
				CLANG_CXX_LANGUAGE_STANDARD = "gnu++0x";
				CLANG_CXX_LIBRARY = "libc++";
				CLANG_ENABLE_MODULES = YES;
				CLANG_ENABLE_OBJC_ARC = YES;
				CLANG_WARN_BOOL_CONVERSION = YES;
				CLANG_WARN_CONSTANT_CONVERSION = YES;
				CLANG_WARN_DIRECT_OBJC_ISA_USAGE = YES_ERROR;
				CLANG_WARN_EMPTY_BODY = YES;
				CLANG_WARN_ENUM_CONVERSION = YES;
				CLANG_WARN_INT_CONVERSION = YES;
				CLANG_WARN_OBJC_ROOT_CLASS = YES_ERROR;
				CLANG_WARN_UNREACHABLE_CODE = YES;
				CLANG_WARN__DUPLICATE_METHOD_MATCH = YES;
				"CODE_SIGN_IDENTITY[sdk=iphoneos*]" = "iPhone Developer";
				COPY_PHASE_STRIP = NO;
				DEBUG_INFORMATION_FORMAT = dwarf;
				ENABLE_STRICT_OBJC_MSGSEND = YES;
				ENABLE_TESTABILITY = YES;
				GCC_C_LANGUAGE_STANDARD = gnu99;
				GCC_DYNAMIC_NO_PIC = NO;
				GCC_NO_COMMON_BLOCKS = YES;
				GCC_OPTIMIZATION_LEVEL = 0;
				GCC_PREPROCESSOR_DEFINITIONS = (
					"DEBUG=1",
					"$(inherited)",
				);
				GCC_WARN_64_TO_32_BIT_CONVERSION = YES;
				GCC_WARN_ABOUT_RETURN_TYPE = YES_ERROR;
				GCC_WARN_UNDECLARED_SELECTOR = YES;
				GCC_WARN_UNINITIALIZED_AUTOS = YES_AGGRESSIVE;
				GCC_WARN_UNUSED_FUNCTION = YES;
				GCC_WARN_UNUSED_VARIABLE = YES;
				IPHONEOS_DEPLOYMENT_TARGET = 9.3;
				MTL_ENABLE_DEBUG_INFO = YES;
				ONLY_ACTIVE_ARCH = YES;
				SDKROOT = iphoneos;
				SWIFT_OPTIMIZATION_LEVEL = "-Onone";
				TARGETED_DEVICE_FAMILY = "1,2";
			};
			name = Debug;
		};
		A0E06A971CCBF84E0057E5B9 /* Release */ = {
			isa = XCBuildConfiguration;
			buildSettings = {
				ALWAYS_SEARCH_USER_PATHS = NO;
				CLANG_CXX_LANGUAGE_STANDARD = "gnu++0x";
				CLANG_CXX_LIBRARY = "libc++";
				CLANG_ENABLE_MODULES = YES;
				CLANG_ENABLE_OBJC_ARC = YES;
				CLANG_WARN_BOOL_CONVERSION = YES;
				CLANG_WARN_CONSTANT_CONVERSION = YES;
				CLANG_WARN_DIRECT_OBJC_ISA_USAGE = YES_ERROR;
				CLANG_WARN_EMPTY_BODY = YES;
				CLANG_WARN_ENUM_CONVERSION = YES;
				CLANG_WARN_INT_CONVERSION = YES;
				CLANG_WARN_OBJC_ROOT_CLASS = YES_ERROR;
				CLANG_WARN_UNREACHABLE_CODE = YES;
				CLANG_WARN__DUPLICATE_METHOD_MATCH = YES;
				"CODE_SIGN_IDENTITY[sdk=iphoneos*]" = "iPhone Developer";
				COPY_PHASE_STRIP = NO;
				DEBUG_INFORMATION_FORMAT = "dwarf-with-dsym";
				ENABLE_NS_ASSERTIONS = NO;
				ENABLE_STRICT_OBJC_MSGSEND = YES;
				GCC_C_LANGUAGE_STANDARD = gnu99;
				GCC_NO_COMMON_BLOCKS = YES;
				GCC_WARN_64_TO_32_BIT_CONVERSION = YES;
				GCC_WARN_ABOUT_RETURN_TYPE = YES_ERROR;
				GCC_WARN_UNDECLARED_SELECTOR = YES;
				GCC_WARN_UNINITIALIZED_AUTOS = YES_AGGRESSIVE;
				GCC_WARN_UNUSED_FUNCTION = YES;
				GCC_WARN_UNUSED_VARIABLE = YES;
				IPHONEOS_DEPLOYMENT_TARGET = 9.3;
				MTL_ENABLE_DEBUG_INFO = NO;
				SDKROOT = iphoneos;
				TARGETED_DEVICE_FAMILY = "1,2";
				VALIDATE_PRODUCT = YES;
			};
			name = Release;
		};
		A0E06A991CCBF84E0057E5B9 /* Debug */ = {
			isa = XCBuildConfiguration;
			buildSettings = {
				ASSETCATALOG_COMPILER_APPICON_NAME = AppIcon;
				INFOPLIST_FILE = FavouriteMovie/Info.plist;
				IPHONEOS_DEPLOYMENT_TARGET = 9.0;
				LD_RUNPATH_SEARCH_PATHS = "$(inherited) @executable_path/Frameworks";
				PRODUCT_BUNDLE_IDENTIFIER = com.abs.FavouriteMovie.FavouriteMovie;
				PRODUCT_NAME = "$(TARGET_NAME)";
			};
			name = Debug;
		};
		A0E06A9A1CCBF84E0057E5B9 /* Release */ = {
			isa = XCBuildConfiguration;
			buildSettings = {
				ASSETCATALOG_COMPILER_APPICON_NAME = AppIcon;
				INFOPLIST_FILE = FavouriteMovie/Info.plist;
				IPHONEOS_DEPLOYMENT_TARGET = 9.0;
				LD_RUNPATH_SEARCH_PATHS = "$(inherited) @executable_path/Frameworks";
				PRODUCT_BUNDLE_IDENTIFIER = com.abs.FavouriteMovie.FavouriteMovie;
				PRODUCT_NAME = "$(TARGET_NAME)";
			};
			name = Release;
		};
/* End XCBuildConfiguration section */

/* Begin XCConfigurationList section */
		A0E06A7E1CCBF84E0057E5B9 /* Build configuration list for PBXProject "FavouriteMovie" */ = {
			isa = XCConfigurationList;
			buildConfigurations = (
				A0E06A961CCBF84E0057E5B9 /* Debug */,
				A0E06A971CCBF84E0057E5B9 /* Release */,
			);
			defaultConfigurationIsVisible = 0;
			defaultConfigurationName = Release;
		};
		A0E06A981CCBF84E0057E5B9 /* Build configuration list for PBXNativeTarget "FavouriteMovie" */ = {
			isa = XCConfigurationList;
			buildConfigurations = (
				A0E06A991CCBF84E0057E5B9 /* Debug */,
				A0E06A9A1CCBF84E0057E5B9 /* Release */,
			);
			defaultConfigurationIsVisible = 0;
			defaultConfigurationName = Release;
		};
/* End XCConfigurationList section */

/* Begin XCVersionGroup section */
		A0E06A8D1CCBF84E0057E5B9 /* FavouriteMovie.xcdatamodeld */ = {
			isa = XCVersionGroup;
			children = (
				A0E06A8E1CCBF84E0057E5B9 /* FavouriteMovie.xcdatamodel */,
			);
			currentVersion = A0E06A8E1CCBF84E0057E5B9 /* FavouriteMovie.xcdatamodel */;
			path = FavouriteMovie.xcdatamodeld;
			sourceTree = "<group>";
			versionGroupType = wrapper.xcdatamodel;
		};
/* End XCVersionGroup section */
	};
	rootObject = A0E06A7B1CCBF84E0057E5B9 /* Project object */;
}
